
Microsoft Visual Studio Solution File, Format Version 12.00
# Visual Studio Version 16
VisualStudioVersion = 16.0.30114.105
MinimumVisualStudioVersion = 10.0.40219.1
Project("{FAE04EC0-301F-11D3-BF4B-00C04F79EFBC}") = "client", "client\client.csproj", "{DF3A6058-FE17-4959-9F79-3075674626EB}"
EndProject
Project("{FAE04EC0-301F-11D3-BF4B-00C04F79EFBC}") = "client.Tests", "client.Tests\client.Tests.csproj", "{4D273674-F441-478E-9A13-7BB2EA34F006}"
EndProject
Global
	GlobalSection(SolutionConfigurationPlatforms) = preSolution
		Debug|Any CPU = Debug|Any CPU
		Release|Any CPU = Release|Any CPU
	EndGlobalSection
	GlobalSection(SolutionProperties) = preSolution
		HideSolutionNode = FALSE
	EndGlobalSection
	GlobalSection(ProjectConfigurationPlatforms) = postSolution
		{DF3A6058-FE17-4959-9F79-3075674626EB}.Debug|Any CPU.ActiveCfg = Debug|Any CPU
		{DF3A6058-FE17-4959-9F79-3075674626EB}.Debug|Any CPU.Build.0 = Debug|Any CPU
		{DF3A6058-FE17-4959-9F79-3075674626EB}.Release|Any CPU.ActiveCfg = Release|Any CPU
		{DF3A6058-FE17-4959-9F79-3075674626EB}.Release|Any CPU.Build.0 = Release|Any CPU
		{4D273674-F441-478E-9A13-7BB2EA34F006}.Debug|Any CPU.ActiveCfg = Debug|Any CPU
		{4D273674-F441-478E-9A13-7BB2EA34F006}.Debug|Any CPU.Build.0 = Debug|Any CPU
		{4D273674-F441-478E-9A13-7BB2EA34F006}.Release|Any CPU.ActiveCfg = Release|Any CPU
		{4D273674-F441-478E-9A13-7BB2EA34F006}.Release|Any CPU.Build.0 = Release|Any CPU
	EndGlobalSection
EndGlobal
