Microsoft Visual Studio Solution File, Format Version 12.00
# Visual Studio Version 16
VisualStudioVersion = 16.0.0.0
MinimumVisualStudioVersion = 16.0.0.0
Project("{9A19103F-16F7-4668-BE54-9A1E7A4F7556}") = "ProjectBank.Server", "Server\ProjectBank.Server.csproj", "{2EF5DF7C-0364-4710-89F0-564FD2D0A271}"
EndProject
Project("{9A19103F-16F7-4668-BE54-9A1E7A4F7556}") = "ProjectBank.Client", "Client\ProjectBank.Client.csproj", "{2B46B67E-7970-497E-B11C-7C863ADF78D6}"
EndProject
Project("{9A19103F-16F7-4668-BE54-9A1E7A4F7556}") = "ProjectBank.Shared", "Shared\ProjectBank.Shared.csproj", "{BF0B2A2D-7455-4748-8307-244BC7495447}"
EndProject
Global
	GlobalSection(SolutionConfigurationPlatforms) = preSolution
		Debug|Any CPU = Debug|Any CPU
		Debug|x64 = Debug|x64
		Debug|x86 = Debug|x86
		Release|Any CPU = Release|Any CPU
		Release|x64 = Release|x64
		Release|x86 = Release|x86
	EndGlobalSection
	GlobalSection(ProjectConfigurationPlatforms) = postSolution
		{2EF5DF7C-0364-4710-89F0-564FD2D0A271}.Debug|Any CPU.ActiveCfg = Debug|Any CPU
		{2EF5DF7C-0364-4710-89F0-564FD2D0A271}.Debug|Any CPU.Build.0 = Debug|Any CPU
		{2EF5DF7C-0364-4710-89F0-564FD2D0A271}.Debug|x64.ActiveCfg = Debug|Any CPU
		{2EF5DF7C-0364-4710-89F0-564FD2D0A271}.Debug|x64.Build.0 = Debug|Any CPU
		{2EF5DF7C-0364-4710-89F0-564FD2D0A271}.Debug|x86.ActiveCfg = Debug|Any CPU
		{2EF5DF7C-0364-4710-89F0-564FD2D0A271}.Debug|x86.Build.0 = Debug|Any CPU
		{2EF5DF7C-0364-4710-89F0-564FD2D0A271}.Release|Any CPU.ActiveCfg = Release|Any CPU
		{2EF5DF7C-0364-4710-89F0-564FD2D0A271}.Release|Any CPU.Build.0 = Release|Any CPU
		{2EF5DF7C-0364-4710-89F0-564FD2D0A271}.Release|x64.ActiveCfg = Release|Any CPU
		{2EF5DF7C-0364-4710-89F0-564FD2D0A271}.Release|x64.Build.0 = Release|Any CPU
		{2EF5DF7C-0364-4710-89F0-564FD2D0A271}.Release|x86.ActiveCfg = Release|Any CPU
		{2EF5DF7C-0364-4710-89F0-564FD2D0A271}.Release|x86.Build.0 = Release|Any CPU
		{2B46B67E-7970-497E-B11C-7C863ADF78D6}.Debug|Any CPU.ActiveCfg = Debug|Any CPU
		{2B46B67E-7970-497E-B11C-7C863ADF78D6}.Debug|Any CPU.Build.0 = Debug|Any CPU
		{2B46B67E-7970-497E-B11C-7C863ADF78D6}.Debug|x64.ActiveCfg = Debug|Any CPU
		{2B46B67E-7970-497E-B11C-7C863ADF78D6}.Debug|x64.Build.0 = Debug|Any CPU
		{2B46B67E-7970-497E-B11C-7C863ADF78D6}.Debug|x86.ActiveCfg = Debug|Any CPU
		{2B46B67E-7970-497E-B11C-7C863ADF78D6}.Debug|x86.Build.0 = Debug|Any CPU
		{2B46B67E-7970-497E-B11C-7C863ADF78D6}.Release|Any CPU.ActiveCfg = Release|Any CPU
		{2B46B67E-7970-497E-B11C-7C863ADF78D6}.Release|Any CPU.Build.0 = Release|Any CPU
		{2B46B67E-7970-497E-B11C-7C863ADF78D6}.Release|x64.ActiveCfg = Release|Any CPU
		{2B46B67E-7970-497E-B11C-7C863ADF78D6}.Release|x64.Build.0 = Release|Any CPU
		{2B46B67E-7970-497E-B11C-7C863ADF78D6}.Release|x86.ActiveCfg = Release|Any CPU
		{2B46B67E-7970-497E-B11C-7C863ADF78D6}.Release|x86.Build.0 = Release|Any CPU
		{BF0B2A2D-7455-4748-8307-244BC7495447}.Debug|Any CPU.ActiveCfg = Debug|Any CPU
		{BF0B2A2D-7455-4748-8307-244BC7495447}.Debug|Any CPU.Build.0 = Debug|Any CPU
		{BF0B2A2D-7455-4748-8307-244BC7495447}.Debug|x64.ActiveCfg = Debug|Any CPU
		{BF0B2A2D-7455-4748-8307-244BC7495447}.Debug|x64.Build.0 = Debug|Any CPU
		{BF0B2A2D-7455-4748-8307-244BC7495447}.Debug|x86.ActiveCfg = Debug|Any CPU
		{BF0B2A2D-7455-4748-8307-244BC7495447}.Debug|x86.Build.0 = Debug|Any CPU
		{BF0B2A2D-7455-4748-8307-244BC7495447}.Release|Any CPU.ActiveCfg = Release|Any CPU
		{BF0B2A2D-7455-4748-8307-244BC7495447}.Release|Any CPU.Build.0 = Release|Any CPU
		{BF0B2A2D-7455-4748-8307-244BC7495447}.Release|x64.ActiveCfg = Release|Any CPU
		{BF0B2A2D-7455-4748-8307-244BC7495447}.Release|x64.Build.0 = Release|Any CPU
		{BF0B2A2D-7455-4748-8307-244BC7495447}.Release|x86.ActiveCfg = Release|Any CPU
		{BF0B2A2D-7455-4748-8307-244BC7495447}.Release|x86.Build.0 = Release|Any CPU
	EndGlobalSection
	GlobalSection(SolutionProperties) = preSolution
		HideSolutionNode = FALSE
	EndGlobalSection
	GlobalSection(ExtensibilityGlobals) = postSolution
		SolutionGuid = {8FE04F63-8B4C-4345-BBF1-906E33E2673F}
	EndGlobalSection
EndGlobal
